
Microsoft Visual Studio Solution File, Format Version 12.00
# Visual Studio Version 16
VisualStudioVersion = 16.0.30114.105
MinimumVisualStudioVersion = 10.0.40219.1
Project("{2150E333-8FDC-42A3-9474-1A3956D46DE8}") = "src", "src", "{C4F8D0F8-8BF8-42FD-9985-ACDC3F2D8B42}"
EndProject
Project("{FAE04EC0-301F-11D3-BF4B-00C04F79EFBC}") = "Own.Identity.Api", "src\Own.Identity.Api\Own.Identity.Api.csproj", "{6777640D-7D0E-49BB-8FFA-6A326280EF1F}"
EndProject
Project("{2150E333-8FDC-42A3-9474-1A3956D46DE8}") = "test", "test", "{9DEE9B12-9205-4BA5-BBF2-5BCBC4699EE8}"
EndProject
Project("{FAE04EC0-301F-11D3-BF4B-00C04F79EFBC}") = "Own.Identity.Tests", "test\Own.Identity.Tests\Own.Identity.Tests.csproj", "{DC88EF6F-8801-4539-8B53-4CBAC112A9DF}"
EndProject
Global
	GlobalSection(SolutionConfigurationPlatforms) = preSolution
		Debug|Any CPU = Debug|Any CPU
		Release|Any CPU = Release|Any CPU
	EndGlobalSection
	GlobalSection(SolutionProperties) = preSolution
		HideSolutionNode = FALSE
	EndGlobalSection
	GlobalSection(ProjectConfigurationPlatforms) = postSolution
		{6777640D-7D0E-49BB-8FFA-6A326280EF1F}.Debug|Any CPU.ActiveCfg = Debug|Any CPU
		{6777640D-7D0E-49BB-8FFA-6A326280EF1F}.Debug|Any CPU.Build.0 = Debug|Any CPU
		{6777640D-7D0E-49BB-8FFA-6A326280EF1F}.Release|Any CPU.ActiveCfg = Release|Any CPU
		{6777640D-7D0E-49BB-8FFA-6A326280EF1F}.Release|Any CPU.Build.0 = Release|Any CPU
		{DC88EF6F-8801-4539-8B53-4CBAC112A9DF}.Debug|Any CPU.ActiveCfg = Debug|Any CPU
		{DC88EF6F-8801-4539-8B53-4CBAC112A9DF}.Debug|Any CPU.Build.0 = Debug|Any CPU
		{DC88EF6F-8801-4539-8B53-4CBAC112A9DF}.Release|Any CPU.ActiveCfg = Release|Any CPU
		{DC88EF6F-8801-4539-8B53-4CBAC112A9DF}.Release|Any CPU.Build.0 = Release|Any CPU
	EndGlobalSection
	GlobalSection(NestedProjects) = preSolution
		{6777640D-7D0E-49BB-8FFA-6A326280EF1F} = {C4F8D0F8-8BF8-42FD-9985-ACDC3F2D8B42}
		{DC88EF6F-8801-4539-8B53-4CBAC112A9DF} = {9DEE9B12-9205-4BA5-BBF2-5BCBC4699EE8}
	EndGlobalSection
EndGlobal
